
Microsoft Visual Studio Solution File, Format Version 12.00
# Visual Studio Version 17
VisualStudioVersion = 17.9.34622.214
MinimumVisualStudioVersion = 10.0.40219.1
Project("{FAE04EC0-301F-11D3-BF4B-00C04F79EFBC}") = "programozasiTetelek", "programozasiTetelek\programozasiTetelek.csproj", "{752794E5-DB0A-4596-B754-5AC4E5C37A43}"
EndProject
Global
	GlobalSection(SolutionConfigurationPlatforms) = preSolution
		Debug|Any CPU = Debug|Any CPU
		Release|Any CPU = Release|Any CPU
	EndGlobalSection
	GlobalSection(ProjectConfigurationPlatforms) = postSolution
		{752794E5-DB0A-4596-B754-5AC4E5C37A43}.Debug|Any CPU.ActiveCfg = Debug|Any CPU
		{752794E5-DB0A-4596-B754-5AC4E5C37A43}.Debug|Any CPU.Build.0 = Debug|Any CPU
		{752794E5-DB0A-4596-B754-5AC4E5C37A43}.Release|Any CPU.ActiveCfg = Release|Any CPU
		{752794E5-DB0A-4596-B754-5AC4E5C37A43}.Release|Any CPU.Build.0 = Release|Any CPU
	EndGlobalSection
	GlobalSection(SolutionProperties) = preSolution
		HideSolutionNode = FALSE
	EndGlobalSection
	GlobalSection(ExtensibilityGlobals) = postSolution
		SolutionGuid = {040FB3AE-4465-42CA-9613-A627095D5449}
	EndGlobalSection
EndGlobal
